{
  "name": "eslint-config-fergus",
  "version": "1.0.0",
  "lockfileVersion": 1,
  "requires": true,
  "dependencies": {
    "eslint-config-standard": {
      "version": "16.0.2",
      "resolved": "https://registry.npmjs.org/eslint-config-standard/-/eslint-config-standard-16.0.2.tgz",
      "integrity": "sha512-fx3f1rJDsl9bY7qzyX8SAtP8GBSk6MfXFaTfaGgk12aAYW4gJSyRm7dM790L6cbXv63fvjY4XeSzXnb4WM+SKw=="
    }
  }
}
